
Microsoft Visual Studio Solution File, Format Version 12.00
# Visual Studio Version 17
VisualStudioVersion = 17.13.35919.96 d17.13
MinimumVisualStudioVersion = 10.0.40219.1
Project("{FAE04EC0-301F-11D3-BF4B-00C04F79EFBC}") = "ECommerce.Api", "ECommerce.Api\ECommerce.Api.csproj", "{D9E0BD19-8982-4D2D-9DFE-F4213F5E9D71}"
EndProject
Project("{2150E333-8FDC-42A3-9474-1A3956D46DE8}") = "ApplicationCoreLayer", "ApplicationCoreLayer", "{02EA681E-C7D8-13C7-8484-4AC65E1B71E8}"
EndProject
Project("{FAE04EC0-301F-11D3-BF4B-00C04F79EFBC}") = "ECommerce.Domain", "ApplicationCoreLayer\ECommerce.Domain\ECommerce.Domain.csproj", "{2286883A-7F49-4757-8182-3157BED57A7A}"
EndProject
Project("{FAE04EC0-301F-11D3-BF4B-00C04F79EFBC}") = "ECommerce.Service", "ApplicationCoreLayer\ECommerce.Service\ECommerce.Service.csproj", "{7D169FEB-A737-476E-96C4-FC92297B6BAF}"
EndProject
Project("{FAE04EC0-301F-11D3-BF4B-00C04F79EFBC}") = "ECommerce.Service.Abstraction", "ApplicationCoreLayer\ECommerce.Service.Abstraction\ECommerce.Service.Abstraction.csproj", "{EACC759F-2575-45DA-A431-62AA4A4E319B}"
EndProject
Project("{2150E333-8FDC-42A3-9474-1A3956D46DE8}") = "InfraStructureLayer", "InfraStructureLayer", "{8C5871BB-E23A-4140-BB32-3787FE9AF9BF}"
EndProject
Project("{FAE04EC0-301F-11D3-BF4B-00C04F79EFBC}") = "ECommerce.Persistance", "InfraStructureLayer\ECommerce.Persistance\ECommerce.Persistance.csproj", "{EAFC4EB4-B75E-4249-9F83-EE048C978CC4}"
EndProject
Project("{2150E333-8FDC-42A3-9474-1A3956D46DE8}") = "PresentaionLayer", "PresentaionLayer", "{1F194C4F-D81A-4B5F-AD0B-420B9C6551E3}"
EndProject
Project("{FAE04EC0-301F-11D3-BF4B-00C04F79EFBC}") = "ECommerce.Presentation", "PresentaionLayer\ECommerce.Presentation\ECommerce.Presentation.csproj", "{7CFABC23-F7C8-46AC-981D-EBBEE0DA0B64}"
EndProject
Project("{FAE04EC0-301F-11D3-BF4B-00C04F79EFBC}") = "ECommerce.Shared", "ECommerce.Shared\ECommerce.Shared.csproj", "{C212DA85-ADB4-4ED1-AF40-3D7BFE338749}"
EndProject
Global
	GlobalSection(SolutionConfigurationPlatforms) = preSolution
		Debug|Any CPU = Debug|Any CPU
		Release|Any CPU = Release|Any CPU
	EndGlobalSection
	GlobalSection(ProjectConfigurationPlatforms) = postSolution
		{D9E0BD19-8982-4D2D-9DFE-F4213F5E9D71}.Debug|Any CPU.ActiveCfg = Debug|Any CPU
		{D9E0BD19-8982-4D2D-9DFE-F4213F5E9D71}.Debug|Any CPU.Build.0 = Debug|Any CPU
		{D9E0BD19-8982-4D2D-9DFE-F4213F5E9D71}.Release|Any CPU.ActiveCfg = Release|Any CPU
		{D9E0BD19-8982-4D2D-9DFE-F4213F5E9D71}.Release|Any CPU.Build.0 = Release|Any CPU
		{2286883A-7F49-4757-8182-3157BED57A7A}.Debug|Any CPU.ActiveCfg = Debug|Any CPU
		{2286883A-7F49-4757-8182-3157BED57A7A}.Debug|Any CPU.Build.0 = Debug|Any CPU
		{2286883A-7F49-4757-8182-3157BED57A7A}.Release|Any CPU.ActiveCfg = Release|Any CPU
		{2286883A-7F49-4757-8182-3157BED57A7A}.Release|Any CPU.Build.0 = Release|Any CPU
		{7D169FEB-A737-476E-96C4-FC92297B6BAF}.Debug|Any CPU.ActiveCfg = Debug|Any CPU
		{7D169FEB-A737-476E-96C4-FC92297B6BAF}.Debug|Any CPU.Build.0 = Debug|Any CPU
		{7D169FEB-A737-476E-96C4-FC92297B6BAF}.Release|Any CPU.ActiveCfg = Release|Any CPU
		{7D169FEB-A737-476E-96C4-FC92297B6BAF}.Release|Any CPU.Build.0 = Release|Any CPU
		{EACC759F-2575-45DA-A431-62AA4A4E319B}.Debug|Any CPU.ActiveCfg = Debug|Any CPU
		{EACC759F-2575-45DA-A431-62AA4A4E319B}.Debug|Any CPU.Build.0 = Debug|Any CPU
		{EACC759F-2575-45DA-A431-62AA4A4E319B}.Release|Any CPU.ActiveCfg = Release|Any CPU
		{EACC759F-2575-45DA-A431-62AA4A4E319B}.Release|Any CPU.Build.0 = Release|Any CPU
		{EAFC4EB4-B75E-4249-9F83-EE048C978CC4}.Debug|Any CPU.ActiveCfg = Debug|Any CPU
		{EAFC4EB4-B75E-4249-9F83-EE048C978CC4}.Debug|Any CPU.Build.0 = Debug|Any CPU
		{EAFC4EB4-B75E-4249-9F83-EE048C978CC4}.Release|Any CPU.ActiveCfg = Release|Any CPU
		{EAFC4EB4-B75E-4249-9F83-EE048C978CC4}.Release|Any CPU.Build.0 = Release|Any CPU
		{7CFABC23-F7C8-46AC-981D-EBBEE0DA0B64}.Debug|Any CPU.ActiveCfg = Debug|Any CPU
		{7CFABC23-F7C8-46AC-981D-EBBEE0DA0B64}.Debug|Any CPU.Build.0 = Debug|Any CPU
		{7CFABC23-F7C8-46AC-981D-EBBEE0DA0B64}.Release|Any CPU.ActiveCfg = Release|Any CPU
		{7CFABC23-F7C8-46AC-981D-EBBEE0DA0B64}.Release|Any CPU.Build.0 = Release|Any CPU
		{C212DA85-ADB4-4ED1-AF40-3D7BFE338749}.Debug|Any CPU.ActiveCfg = Debug|Any CPU
		{C212DA85-ADB4-4ED1-AF40-3D7BFE338749}.Debug|Any CPU.Build.0 = Debug|Any CPU
		{C212DA85-ADB4-4ED1-AF40-3D7BFE338749}.Release|Any CPU.ActiveCfg = Release|Any CPU
		{C212DA85-ADB4-4ED1-AF40-3D7BFE338749}.Release|Any CPU.Build.0 = Release|Any CPU
	EndGlobalSection
	GlobalSection(SolutionProperties) = preSolution
		HideSolutionNode = FALSE
	EndGlobalSection
	GlobalSection(NestedProjects) = preSolution
		{D9E0BD19-8982-4D2D-9DFE-F4213F5E9D71} = {1F194C4F-D81A-4B5F-AD0B-420B9C6551E3}
		{2286883A-7F49-4757-8182-3157BED57A7A} = {02EA681E-C7D8-13C7-8484-4AC65E1B71E8}
		{7D169FEB-A737-476E-96C4-FC92297B6BAF} = {02EA681E-C7D8-13C7-8484-4AC65E1B71E8}
		{EACC759F-2575-45DA-A431-62AA4A4E319B} = {02EA681E-C7D8-13C7-8484-4AC65E1B71E8}
		{EAFC4EB4-B75E-4249-9F83-EE048C978CC4} = {8C5871BB-E23A-4140-BB32-3787FE9AF9BF}
		{7CFABC23-F7C8-46AC-981D-EBBEE0DA0B64} = {1F194C4F-D81A-4B5F-AD0B-420B9C6551E3}
	EndGlobalSection
	GlobalSection(ExtensibilityGlobals) = postSolution
		SolutionGuid = {A0E90BBB-4E06-4F0F-B789-7B99AEF90343}
	EndGlobalSection
EndGlobal
